{
  "name": "orange-dash",
  "lockfileVersion": 3,
  "requires": true,
  "packages": {
    "": {
      "devDependencies": {
        "@types/zxcvbn": "^4.4.4"
      }
    },
    "node_modules/@types/zxcvbn": {
      "version": "4.4.4",
      "resolved": "https://registry.npmjs.org/@types/zxcvbn/-/zxcvbn-4.4.4.tgz",
      "integrity": "sha512-Tuk4q7q0DnpzyJDI4aMeghGuFu2iS1QAdKpabn8JfbtfGmVDUgvZv1I7mEjP61Bvnp3ljKCC8BE6YYSTNxmvRQ==",
      "dev": true
    }
  }
}
